
Microsoft Visual Studio Solution File, Format Version 12.00
# Visual Studio Version 16
VisualStudioVersion = 16.0.30907.101
MinimumVisualStudioVersion = 10.0.40219.1
Project("{FAE04EC0-301F-11D3-BF4B-00C04F79EFBC}") = "MyFirstProject", "MyFirstProject.csproj", "{DFA3820A-DA94-44BB-8F0C-55C86F63675A}"
EndProject
Project("{2150E333-8FDC-42A3-9474-1A3956D46DE8}") = "Modules", "Modules", "{F73BD313-2BF7-4BE9-AF7E-F2290E183EBC}"
EndProject
Project("{FAE04EC0-301F-11D3-BF4B-00C04F79EFBC}") = "Models", "..\Models\Models.csproj", "{2E1605C1-C01C-47D1-B74B-F12F3B2CA9FC}"
EndProject
Project("{FAE04EC0-301F-11D3-BF4B-00C04F79EFBC}") = "Modules.Redactor", "..\Modules\Modules.Redactor\Modules.Redactor.csproj", "{8DBB10D2-3101-40CE-B8BE-4F5DF396DFDC}"
EndProject
Project("{FAE04EC0-301F-11D3-BF4B-00C04F79EFBC}") = "Modules.Slides", "..\Modules\Modules.Slides\Modules.Slides.csproj", "{B55F85D9-811D-4824-AB71-C38C801FFC21}"
EndProject
Project("{FAE04EC0-301F-11D3-BF4B-00C04F79EFBC}") = "Modules.PresentationRegion", "..\Modules\Modules.PresentationRegion\Modules.PresentationRegion.csproj", "{C793C551-BF6D-4F9A-9419-D90DEB9017AA}"
EndProject
Project("{FAE04EC0-301F-11D3-BF4B-00C04F79EFBC}") = "Infrastructure", "..\Infrastructure\Infrastructure.csproj", "{92EAE888-2724-4D9D-B099-6C4FDD7B1BE9}"
EndProject
Global
	GlobalSection(SolutionConfigurationPlatforms) = preSolution
		Debug|Any CPU = Debug|Any CPU
		Release|Any CPU = Release|Any CPU
	EndGlobalSection
	GlobalSection(ProjectConfigurationPlatforms) = postSolution
		{DFA3820A-DA94-44BB-8F0C-55C86F63675A}.Debug|Any CPU.ActiveCfg = Debug|Any CPU
		{DFA3820A-DA94-44BB-8F0C-55C86F63675A}.Debug|Any CPU.Build.0 = Debug|Any CPU
		{DFA3820A-DA94-44BB-8F0C-55C86F63675A}.Release|Any CPU.ActiveCfg = Release|Any CPU
		{DFA3820A-DA94-44BB-8F0C-55C86F63675A}.Release|Any CPU.Build.0 = Release|Any CPU
		{2E1605C1-C01C-47D1-B74B-F12F3B2CA9FC}.Debug|Any CPU.ActiveCfg = Debug|Any CPU
		{2E1605C1-C01C-47D1-B74B-F12F3B2CA9FC}.Debug|Any CPU.Build.0 = Debug|Any CPU
		{2E1605C1-C01C-47D1-B74B-F12F3B2CA9FC}.Release|Any CPU.ActiveCfg = Release|Any CPU
		{2E1605C1-C01C-47D1-B74B-F12F3B2CA9FC}.Release|Any CPU.Build.0 = Release|Any CPU
		{8DBB10D2-3101-40CE-B8BE-4F5DF396DFDC}.Debug|Any CPU.ActiveCfg = Debug|Any CPU
		{8DBB10D2-3101-40CE-B8BE-4F5DF396DFDC}.Debug|Any CPU.Build.0 = Debug|Any CPU
		{8DBB10D2-3101-40CE-B8BE-4F5DF396DFDC}.Release|Any CPU.ActiveCfg = Release|Any CPU
		{8DBB10D2-3101-40CE-B8BE-4F5DF396DFDC}.Release|Any CPU.Build.0 = Release|Any CPU
		{B55F85D9-811D-4824-AB71-C38C801FFC21}.Debug|Any CPU.ActiveCfg = Debug|Any CPU
		{B55F85D9-811D-4824-AB71-C38C801FFC21}.Debug|Any CPU.Build.0 = Debug|Any CPU
		{B55F85D9-811D-4824-AB71-C38C801FFC21}.Release|Any CPU.ActiveCfg = Release|Any CPU
		{B55F85D9-811D-4824-AB71-C38C801FFC21}.Release|Any CPU.Build.0 = Release|Any CPU
		{C793C551-BF6D-4F9A-9419-D90DEB9017AA}.Debug|Any CPU.ActiveCfg = Debug|Any CPU
		{C793C551-BF6D-4F9A-9419-D90DEB9017AA}.Debug|Any CPU.Build.0 = Debug|Any CPU
		{C793C551-BF6D-4F9A-9419-D90DEB9017AA}.Release|Any CPU.ActiveCfg = Release|Any CPU
		{C793C551-BF6D-4F9A-9419-D90DEB9017AA}.Release|Any CPU.Build.0 = Release|Any CPU
		{92EAE888-2724-4D9D-B099-6C4FDD7B1BE9}.Debug|Any CPU.ActiveCfg = Debug|Any CPU
		{92EAE888-2724-4D9D-B099-6C4FDD7B1BE9}.Debug|Any CPU.Build.0 = Debug|Any CPU
		{92EAE888-2724-4D9D-B099-6C4FDD7B1BE9}.Release|Any CPU.ActiveCfg = Release|Any CPU
		{92EAE888-2724-4D9D-B099-6C4FDD7B1BE9}.Release|Any CPU.Build.0 = Release|Any CPU
	EndGlobalSection
	GlobalSection(SolutionProperties) = preSolution
		HideSolutionNode = FALSE
	EndGlobalSection
	GlobalSection(NestedProjects) = preSolution
		{8DBB10D2-3101-40CE-B8BE-4F5DF396DFDC} = {F73BD313-2BF7-4BE9-AF7E-F2290E183EBC}
		{B55F85D9-811D-4824-AB71-C38C801FFC21} = {F73BD313-2BF7-4BE9-AF7E-F2290E183EBC}
		{C793C551-BF6D-4F9A-9419-D90DEB9017AA} = {F73BD313-2BF7-4BE9-AF7E-F2290E183EBC}
	EndGlobalSection
	GlobalSection(ExtensibilityGlobals) = postSolution
		SolutionGuid = {78F7D3C5-660E-4776-BE95-C510700770E0}
	EndGlobalSection
EndGlobal
