
Microsoft Visual Studio Solution File, Format Version 12.00
# Visual Studio Version 16
VisualStudioVersion = 16.0.30907.101
MinimumVisualStudioVersion = 10.0.40219.1
Project("{FAE04EC0-301F-11D3-BF4B-00C04F79EFBC}") = "MyFirstProject", "MyFirstProject.csproj", "{DFA3820A-DA94-44BB-8F0C-55C86F63675A}"
EndProject
Project("{2150E333-8FDC-42A3-9474-1A3956D46DE8}") = "Modules", "Modules", "{F73BD313-2BF7-4BE9-AF7E-F2290E183EBC}"
EndProject
Project("{FAE04EC0-301F-11D3-BF4B-00C04F79EFBC}") = "Models", "..\Models\Models.csproj", "{2E1605C1-C01C-47D1-B74B-F12F3B2CA9FC}"
EndProject
Project("{FAE04EC0-301F-11D3-BF4B-00C04F79EFBC}") = "Modules.Redactor", "..\Modules\Modules.Redactor\Modules.Redactor.csproj", "{8DBB10D2-3101-40CE-B8BE-4F5DF396DFDC}"
EndProject
Project("{FAE04EC0-301F-11D3-BF4B-00C04F79EFBC}") = "Modules.Slides", "..\Modules\Modules.Slides\Modules.Slides.csproj", "{B55F85D9-811D-4824-AB71-C38C801FFC21}"
EndProject
Project("{FAE04EC0-301F-11D3-BF4B-00C04F79EFBC}") = "Modules.PresentationRegion", "..\Modules\Modules.PresentationRegion\Modules.PresentationRegion.csproj", "{C793C551-BF6D-4F9A-9419-D90DEB9017AA}"
EndProject
Project("{FAE04EC0-301F-11D3-BF4B-00C04F79EFBC}") = "Infrastructure", "..\Infrastructure\Infrastructure.csproj", "{92EAE888-2724-4D9D-B099-6C4FDD7B1BE9}"
EndProject
Project("{FAE04EC0-301F-11D3-BF4B-00C04F79EFBC}") = "Modules.Controller", "..\Modules\Modules.Controller\Modules.Controller.csproj", "{752B7CA8-A337-4914-8F08-8A9FA81DACD7}"
EndProject
Project("{FAE04EC0-301F-11D3-BF4B-00C04F79EFBC}") = "CommonUI", "..\CommonStyles\CommonUI.csproj", "{7070743E-31E8-42DF-8C77-0682B41C4C91}"
EndProject
Project("{2150E333-8FDC-42A3-9474-1A3956D46DE8}") = "Services", "Services", "{7E48531C-36DE-4240-A92D-8F58A33D159E}"
EndProject
Project("{FAE04EC0-301F-11D3-BF4B-00C04F79EFBC}") = "Services.DialogService", "..\Services.DialogService\Services.DialogService.csproj", "{17FF1CE4-8CBE-4A84-BDA8-C1F9DA573943}"
EndProject
Project("{FAE04EC0-301F-11D3-BF4B-00C04F79EFBC}") = "Modules.Effects", "..\Modules\Modules.Effects\Modules.Effects.csproj", "{26EFA4E9-B8CC-4BAE-B431-02D94C2B8ED6}"
EndProject
Project("{FAE04EC0-301F-11D3-BF4B-00C04F79EFBC}") = "Services.FilseSelector", "..\Services.DialogService\Services.FilseSelector\Services.FilseSelector.csproj", "{8DD189FA-7316-478C-8183-4C5BD8A3556B}"
EndProject
Project("{FAE04EC0-301F-11D3-BF4B-00C04F79EFBC}") = "Modules.Accountant", "..\Modules\Modules.Accountant\Modules.Accountant.csproj", "{4DDD598F-7D09-4741-9956-40C9655DC5C9}"
EndProject
Project("{FAE04EC0-301F-11D3-BF4B-00C04F79EFBC}") = "Services.ApplicationSettingsBase", "..\Services.DialogService\Services.ApplicationSettingsBase\Services.ApplicationSettingsBase.csproj", "{F6E9281C-B1BD-4C58-B14C-F898F1DCD62E}"
EndProject
Project("{FAE04EC0-301F-11D3-BF4B-00C04F79EFBC}") = "Modules.Library", "..\Modules\Modules.Library\Modules.Library.csproj", "{4897F669-8AE1-47E2-9D4A-266D91E0E9EA}"
EndProject
Project("{FAE04EC0-301F-11D3-BF4B-00C04F79EFBC}") = "Modules.Que", "..\Modules\Modules.Que\Modules.Que.csproj", "{31A58EC9-36DA-4A9D-AFE2-A710435B5AE3}"
EndProject
Project("{FAE04EC0-301F-11D3-BF4B-00C04F79EFBC}") = "MyFirstProjectTests", "..\Tests\MyFirstProjectTests\MyFirstProjectTests.csproj", "{F60313AB-7D1E-4B3C-ABC6-1D4271897FC3}"
EndProject
Project("{FAE04EC0-301F-11D3-BF4B-00C04F79EFBC}") = "Service.DispatcherAction", "..\Services.DialogService\Service.DispatcherAction\Service.DispatcherAction.csproj", "{826772F7-DB8B-4BB5-9987-35A62FBC68B4}"
EndProject
Global
	GlobalSection(SolutionConfigurationPlatforms) = preSolution
		Debug|Any CPU = Debug|Any CPU
		Release|Any CPU = Release|Any CPU
	EndGlobalSection
	GlobalSection(ProjectConfigurationPlatforms) = postSolution
		{DFA3820A-DA94-44BB-8F0C-55C86F63675A}.Debug|Any CPU.ActiveCfg = Debug|Any CPU
		{DFA3820A-DA94-44BB-8F0C-55C86F63675A}.Debug|Any CPU.Build.0 = Debug|Any CPU
		{DFA3820A-DA94-44BB-8F0C-55C86F63675A}.Release|Any CPU.ActiveCfg = Release|Any CPU
		{DFA3820A-DA94-44BB-8F0C-55C86F63675A}.Release|Any CPU.Build.0 = Release|Any CPU
		{2E1605C1-C01C-47D1-B74B-F12F3B2CA9FC}.Debug|Any CPU.ActiveCfg = Debug|Any CPU
		{2E1605C1-C01C-47D1-B74B-F12F3B2CA9FC}.Debug|Any CPU.Build.0 = Debug|Any CPU
		{2E1605C1-C01C-47D1-B74B-F12F3B2CA9FC}.Release|Any CPU.ActiveCfg = Release|Any CPU
		{2E1605C1-C01C-47D1-B74B-F12F3B2CA9FC}.Release|Any CPU.Build.0 = Release|Any CPU
		{8DBB10D2-3101-40CE-B8BE-4F5DF396DFDC}.Debug|Any CPU.ActiveCfg = Debug|Any CPU
		{8DBB10D2-3101-40CE-B8BE-4F5DF396DFDC}.Debug|Any CPU.Build.0 = Debug|Any CPU
		{8DBB10D2-3101-40CE-B8BE-4F5DF396DFDC}.Release|Any CPU.ActiveCfg = Release|Any CPU
		{8DBB10D2-3101-40CE-B8BE-4F5DF396DFDC}.Release|Any CPU.Build.0 = Release|Any CPU
		{B55F85D9-811D-4824-AB71-C38C801FFC21}.Debug|Any CPU.ActiveCfg = Debug|Any CPU
		{B55F85D9-811D-4824-AB71-C38C801FFC21}.Debug|Any CPU.Build.0 = Debug|Any CPU
		{B55F85D9-811D-4824-AB71-C38C801FFC21}.Release|Any CPU.ActiveCfg = Release|Any CPU
		{B55F85D9-811D-4824-AB71-C38C801FFC21}.Release|Any CPU.Build.0 = Release|Any CPU
		{C793C551-BF6D-4F9A-9419-D90DEB9017AA}.Debug|Any CPU.ActiveCfg = Debug|Any CPU
		{C793C551-BF6D-4F9A-9419-D90DEB9017AA}.Debug|Any CPU.Build.0 = Debug|Any CPU
		{C793C551-BF6D-4F9A-9419-D90DEB9017AA}.Release|Any CPU.ActiveCfg = Release|Any CPU
		{C793C551-BF6D-4F9A-9419-D90DEB9017AA}.Release|Any CPU.Build.0 = Release|Any CPU
		{92EAE888-2724-4D9D-B099-6C4FDD7B1BE9}.Debug|Any CPU.ActiveCfg = Debug|Any CPU
		{92EAE888-2724-4D9D-B099-6C4FDD7B1BE9}.Debug|Any CPU.Build.0 = Debug|Any CPU
		{92EAE888-2724-4D9D-B099-6C4FDD7B1BE9}.Release|Any CPU.ActiveCfg = Release|Any CPU
		{92EAE888-2724-4D9D-B099-6C4FDD7B1BE9}.Release|Any CPU.Build.0 = Release|Any CPU
		{752B7CA8-A337-4914-8F08-8A9FA81DACD7}.Debug|Any CPU.ActiveCfg = Debug|Any CPU
		{752B7CA8-A337-4914-8F08-8A9FA81DACD7}.Debug|Any CPU.Build.0 = Debug|Any CPU
		{752B7CA8-A337-4914-8F08-8A9FA81DACD7}.Release|Any CPU.ActiveCfg = Release|Any CPU
		{752B7CA8-A337-4914-8F08-8A9FA81DACD7}.Release|Any CPU.Build.0 = Release|Any CPU
		{7070743E-31E8-42DF-8C77-0682B41C4C91}.Debug|Any CPU.ActiveCfg = Debug|Any CPU
		{7070743E-31E8-42DF-8C77-0682B41C4C91}.Debug|Any CPU.Build.0 = Debug|Any CPU
		{7070743E-31E8-42DF-8C77-0682B41C4C91}.Release|Any CPU.ActiveCfg = Release|Any CPU
		{7070743E-31E8-42DF-8C77-0682B41C4C91}.Release|Any CPU.Build.0 = Release|Any CPU
		{17FF1CE4-8CBE-4A84-BDA8-C1F9DA573943}.Debug|Any CPU.ActiveCfg = Debug|Any CPU
		{17FF1CE4-8CBE-4A84-BDA8-C1F9DA573943}.Debug|Any CPU.Build.0 = Debug|Any CPU
		{17FF1CE4-8CBE-4A84-BDA8-C1F9DA573943}.Release|Any CPU.ActiveCfg = Release|Any CPU
		{17FF1CE4-8CBE-4A84-BDA8-C1F9DA573943}.Release|Any CPU.Build.0 = Release|Any CPU
		{26EFA4E9-B8CC-4BAE-B431-02D94C2B8ED6}.Debug|Any CPU.ActiveCfg = Debug|Any CPU
		{26EFA4E9-B8CC-4BAE-B431-02D94C2B8ED6}.Debug|Any CPU.Build.0 = Debug|Any CPU
		{26EFA4E9-B8CC-4BAE-B431-02D94C2B8ED6}.Release|Any CPU.ActiveCfg = Release|Any CPU
		{26EFA4E9-B8CC-4BAE-B431-02D94C2B8ED6}.Release|Any CPU.Build.0 = Release|Any CPU
		{8DD189FA-7316-478C-8183-4C5BD8A3556B}.Debug|Any CPU.ActiveCfg = Debug|Any CPU
		{8DD189FA-7316-478C-8183-4C5BD8A3556B}.Debug|Any CPU.Build.0 = Debug|Any CPU
		{8DD189FA-7316-478C-8183-4C5BD8A3556B}.Release|Any CPU.ActiveCfg = Release|Any CPU
		{8DD189FA-7316-478C-8183-4C5BD8A3556B}.Release|Any CPU.Build.0 = Release|Any CPU
		{4DDD598F-7D09-4741-9956-40C9655DC5C9}.Debug|Any CPU.ActiveCfg = Debug|Any CPU
		{4DDD598F-7D09-4741-9956-40C9655DC5C9}.Debug|Any CPU.Build.0 = Debug|Any CPU
		{4DDD598F-7D09-4741-9956-40C9655DC5C9}.Release|Any CPU.ActiveCfg = Release|Any CPU
		{4DDD598F-7D09-4741-9956-40C9655DC5C9}.Release|Any CPU.Build.0 = Release|Any CPU
		{F6E9281C-B1BD-4C58-B14C-F898F1DCD62E}.Debug|Any CPU.ActiveCfg = Debug|Any CPU
		{F6E9281C-B1BD-4C58-B14C-F898F1DCD62E}.Debug|Any CPU.Build.0 = Debug|Any CPU
		{F6E9281C-B1BD-4C58-B14C-F898F1DCD62E}.Release|Any CPU.ActiveCfg = Release|Any CPU
		{F6E9281C-B1BD-4C58-B14C-F898F1DCD62E}.Release|Any CPU.Build.0 = Release|Any CPU
		{4897F669-8AE1-47E2-9D4A-266D91E0E9EA}.Debug|Any CPU.ActiveCfg = Debug|Any CPU
		{4897F669-8AE1-47E2-9D4A-266D91E0E9EA}.Debug|Any CPU.Build.0 = Debug|Any CPU
		{4897F669-8AE1-47E2-9D4A-266D91E0E9EA}.Release|Any CPU.ActiveCfg = Release|Any CPU
		{4897F669-8AE1-47E2-9D4A-266D91E0E9EA}.Release|Any CPU.Build.0 = Release|Any CPU
		{31A58EC9-36DA-4A9D-AFE2-A710435B5AE3}.Debug|Any CPU.ActiveCfg = Debug|Any CPU
		{31A58EC9-36DA-4A9D-AFE2-A710435B5AE3}.Debug|Any CPU.Build.0 = Debug|Any CPU
		{31A58EC9-36DA-4A9D-AFE2-A710435B5AE3}.Release|Any CPU.ActiveCfg = Release|Any CPU
		{31A58EC9-36DA-4A9D-AFE2-A710435B5AE3}.Release|Any CPU.Build.0 = Release|Any CPU
		{F60313AB-7D1E-4B3C-ABC6-1D4271897FC3}.Debug|Any CPU.ActiveCfg = Debug|Any CPU
		{F60313AB-7D1E-4B3C-ABC6-1D4271897FC3}.Debug|Any CPU.Build.0 = Debug|Any CPU
		{F60313AB-7D1E-4B3C-ABC6-1D4271897FC3}.Release|Any CPU.ActiveCfg = Release|Any CPU
		{F60313AB-7D1E-4B3C-ABC6-1D4271897FC3}.Release|Any CPU.Build.0 = Release|Any CPU
		{826772F7-DB8B-4BB5-9987-35A62FBC68B4}.Debug|Any CPU.ActiveCfg = Debug|Any CPU
		{826772F7-DB8B-4BB5-9987-35A62FBC68B4}.Debug|Any CPU.Build.0 = Debug|Any CPU
		{826772F7-DB8B-4BB5-9987-35A62FBC68B4}.Release|Any CPU.ActiveCfg = Release|Any CPU
		{826772F7-DB8B-4BB5-9987-35A62FBC68B4}.Release|Any CPU.Build.0 = Release|Any CPU
	EndGlobalSection
	GlobalSection(SolutionProperties) = preSolution
		HideSolutionNode = FALSE
	EndGlobalSection
	GlobalSection(NestedProjects) = preSolution
		{8DBB10D2-3101-40CE-B8BE-4F5DF396DFDC} = {F73BD313-2BF7-4BE9-AF7E-F2290E183EBC}
		{B55F85D9-811D-4824-AB71-C38C801FFC21} = {F73BD313-2BF7-4BE9-AF7E-F2290E183EBC}
		{C793C551-BF6D-4F9A-9419-D90DEB9017AA} = {F73BD313-2BF7-4BE9-AF7E-F2290E183EBC}
		{752B7CA8-A337-4914-8F08-8A9FA81DACD7} = {F73BD313-2BF7-4BE9-AF7E-F2290E183EBC}
		{17FF1CE4-8CBE-4A84-BDA8-C1F9DA573943} = {7E48531C-36DE-4240-A92D-8F58A33D159E}
		{26EFA4E9-B8CC-4BAE-B431-02D94C2B8ED6} = {F73BD313-2BF7-4BE9-AF7E-F2290E183EBC}
		{8DD189FA-7316-478C-8183-4C5BD8A3556B} = {7E48531C-36DE-4240-A92D-8F58A33D159E}
		{4DDD598F-7D09-4741-9956-40C9655DC5C9} = {F73BD313-2BF7-4BE9-AF7E-F2290E183EBC}
		{F6E9281C-B1BD-4C58-B14C-F898F1DCD62E} = {7E48531C-36DE-4240-A92D-8F58A33D159E}
		{4897F669-8AE1-47E2-9D4A-266D91E0E9EA} = {F73BD313-2BF7-4BE9-AF7E-F2290E183EBC}
		{31A58EC9-36DA-4A9D-AFE2-A710435B5AE3} = {F73BD313-2BF7-4BE9-AF7E-F2290E183EBC}
		{826772F7-DB8B-4BB5-9987-35A62FBC68B4} = {7E48531C-36DE-4240-A92D-8F58A33D159E}
	EndGlobalSection
	GlobalSection(ExtensibilityGlobals) = postSolution
		SolutionGuid = {78F7D3C5-660E-4776-BE95-C510700770E0}
	EndGlobalSection
EndGlobal
