
Microsoft Visual Studio Solution File, Format Version 12.00
# Visual Studio Version 16
VisualStudioVersion = 16.0.30907.101
MinimumVisualStudioVersion = 10.0.40219.1
Project("{FAE04EC0-301F-11D3-BF4B-00C04F79EFBC}") = "PresentationWebApplication", "PresentationWebApplication\PresentationWebApplication.csproj", "{4C21F5F8-7221-4183-B07A-DE62BB7E9A82}"
EndProject
Global
	GlobalSection(SolutionConfigurationPlatforms) = preSolution
		Debug|Any CPU = Debug|Any CPU
		Release|Any CPU = Release|Any CPU
	EndGlobalSection
	GlobalSection(ProjectConfigurationPlatforms) = postSolution
		{4C21F5F8-7221-4183-B07A-DE62BB7E9A82}.Debug|Any CPU.ActiveCfg = Debug|Any CPU
		{4C21F5F8-7221-4183-B07A-DE62BB7E9A82}.Debug|Any CPU.Build.0 = Debug|Any CPU
		{4C21F5F8-7221-4183-B07A-DE62BB7E9A82}.Release|Any CPU.ActiveCfg = Release|Any CPU
		{4C21F5F8-7221-4183-B07A-DE62BB7E9A82}.Release|Any CPU.Build.0 = Release|Any CPU
	EndGlobalSection
	GlobalSection(SolutionProperties) = preSolution
		HideSolutionNode = FALSE
	EndGlobalSection
	GlobalSection(ExtensibilityGlobals) = postSolution
		SolutionGuid = {1FA34CFC-5DCA-46A9-AFF5-8035B26FED83}
	EndGlobalSection
EndGlobal
