
Microsoft Visual Studio Solution File, Format Version 12.00
# Visual Studio Version 16
VisualStudioVersion = 16.0.30907.101
MinimumVisualStudioVersion = 10.0.40219.1
Project("{FAE04EC0-301F-11D3-BF4B-00C04F79EFBC}") = "WpfCore", "WpfCore\WpfCore.csproj", "{B23E316F-C043-4843-98E8-8663F11CA1A4}"
EndProject
Global
	GlobalSection(SolutionConfigurationPlatforms) = preSolution
		Debug|Any CPU = Debug|Any CPU
		Release|Any CPU = Release|Any CPU
	EndGlobalSection
	GlobalSection(ProjectConfigurationPlatforms) = postSolution
		{B23E316F-C043-4843-98E8-8663F11CA1A4}.Debug|Any CPU.ActiveCfg = Debug|Any CPU
		{B23E316F-C043-4843-98E8-8663F11CA1A4}.Debug|Any CPU.Build.0 = Debug|Any CPU
		{B23E316F-C043-4843-98E8-8663F11CA1A4}.Release|Any CPU.ActiveCfg = Release|Any CPU
		{B23E316F-C043-4843-98E8-8663F11CA1A4}.Release|Any CPU.Build.0 = Release|Any CPU
	EndGlobalSection
	GlobalSection(SolutionProperties) = preSolution
		HideSolutionNode = FALSE
	EndGlobalSection
	GlobalSection(ExtensibilityGlobals) = postSolution
		SolutionGuid = {F19235FD-F648-499C-A294-AFCBB0A9F90B}
	EndGlobalSection
EndGlobal
